
Microsoft Visual Studio Solution File, Format Version 12.00
# Visual Studio Version 17
VisualStudioVersion = 17.11.35312.102
MinimumVisualStudioVersion = 10.0.40219.1
Project("{FAE04EC0-301F-11D3-BF4B-00C04F79EFBC}") = "Server Winform", "Server Winform\Server Winform.csproj", "{94491C3B-2DFC-43F7-8D24-F1F696805E54}"
EndProject
Global
	GlobalSection(SolutionConfigurationPlatforms) = preSolution
		Debug|Any CPU = Debug|Any CPU
		Release|Any CPU = Release|Any CPU
	EndGlobalSection
	GlobalSection(ProjectConfigurationPlatforms) = postSolution
		{94491C3B-2DFC-43F7-8D24-F1F696805E54}.Debug|Any CPU.ActiveCfg = Debug|Any CPU
		{94491C3B-2DFC-43F7-8D24-F1F696805E54}.Debug|Any CPU.Build.0 = Debug|Any CPU
		{94491C3B-2DFC-43F7-8D24-F1F696805E54}.Release|Any CPU.ActiveCfg = Release|Any CPU
		{94491C3B-2DFC-43F7-8D24-F1F696805E54}.Release|Any CPU.Build.0 = Release|Any CPU
	EndGlobalSection
	GlobalSection(SolutionProperties) = preSolution
		HideSolutionNode = FALSE
	EndGlobalSection
	GlobalSection(ExtensibilityGlobals) = postSolution
		SolutionGuid = {66AD3464-FD83-4710-A362-2B008A99E0D7}
	EndGlobalSection
EndGlobal
